PODS:
  - Alamofire (5.4.3)
  - GoogleMaps (5.2.0):
    - GoogleMaps/Maps (= 5.2.0)
  - GoogleMaps/Base (5.2.0)
  - GoogleMaps/Maps (5.2.0):
    - GoogleMaps/Base
  - Locksmith (4.0.0)
  - SwiftLint (0.43.1)

DEPENDENCIES:
  - Alamofire
  - GoogleMaps
  - Locksmith
  - SwiftLint

SPEC REPOS:
  trunk:
    - Alamofire
    - GoogleMaps
    - Locksmith
    - SwiftLint

SPEC CHECKSUMS:
  Alamofire: e447a2774a40c996748296fa2c55112fdbbc42f9
  GoogleMaps: 025272d5876d3b32604e5c080dc25eaf68764693
  Locksmith: e9bebbaaa4cee3c511bc358a44f843c3fe00e21f
  SwiftLint: 99f82d07b837b942dd563c668de129a03fc3fb52

PODFILE CHECKSUM: c07fcf69f33abc02de8264473339347fde395664

COCOAPODS: 1.9.3
