// !$*UTF8*$!
{
	archiveVersion = 1;
	classes = {
	};
	objectVersion = 51;
	objects = {

/* Begin PBXBuildFile section */
		1B21F4B626E0D8E5008F0470 /* AppDelegate.swift in Sources */ = {isa = PBXBuildFile; fileRef = 1B21F4B526E0D8E5008F0470 /* AppDelegate.swift */; };
		1B21F4B826E0D8E5008F0470 /* SceneDelegate.swift in Sources */ = {isa = PBXBuildFile; fileRef = 1B21F4B726E0D8E5008F0470 /* SceneDelegate.swift */; };
		1B21F4BD26E0D8E5008F0470 /* Main.storyboard in Resources */ = {isa = PBXBuildFile; fileRef = 1B21F4BB26E0D8E5008F0470 /* Main.storyboard */; };
		1B21F4C026E0D8E5008F0470 /* RickAndMorty.xcdatamodeld in Sources */ = {isa = PBXBuildFile; fileRef = 1B21F4BE26E0D8E5008F0470 /* RickAndMorty.xcdatamodeld */; };
		1B21F4C226E0D8E8008F0470 /* Assets.xcassets in Resources */ = {isa = PBXBuildFile; fileRef = 1B21F4C126E0D8E8008F0470 /* Assets.xcassets */; };
		1B21F4C526E0D8E8008F0470 /* LaunchScreen.storyboard in Resources */ = {isa = PBXBuildFile; fileRef = 1B21F4C326E0D8E8008F0470 /* LaunchScreen.storyboard */; };
		1B21F4D526E2279B008F0470 /* Utility.swift in Sources */ = {isa = PBXBuildFile; fileRef = 1B21F4D426E2279B008F0470 /* Utility.swift */; };
		1B21F4D726E27480008F0470 /* LoginView.swift in Sources */ = {isa = PBXBuildFile; fileRef = 1B21F4D626E27480008F0470 /* LoginView.swift */; };
		1BF7B6BA26E66361006E610D /* MainInfoTableView.swift in Sources */ = {isa = PBXBuildFile; fileRef = 1BF7B6B926E66361006E610D /* MainInfoTableView.swift */; };
		1BF7B6BC26E66E68006E610D /* PreviewViewController.swift in Sources */ = {isa = PBXBuildFile; fileRef = 1BF7B6BB26E66E68006E610D /* PreviewViewController.swift */; };
		E52CB61DD74036FC0BF1E519 /* Pods_RickAndMorty.framework in Frameworks */ = {isa = PBXBuildFile; fileRef = E7E63B0C1BE14E4B9E1DC808 /* Pods_RickAndMorty.framework */; };
/* End PBXBuildFile section */

/* Begin PBXFileReference section */
		1B21F4B226E0D8E5008F0470 /* RickAndMorty.app */ = {isa = PBXFileReference; explicitFileType = wrapper.application; includeInIndex = 0; path = RickAndMorty.app; sourceTree = BUILT_PRODUCTS_DIR; };
		1B21F4B526E0D8E5008F0470 /* AppDelegate.swift */ = {isa = PBXFileReference; lastKnownFileType = sourcecode.swift; path = AppDelegate.swift; sourceTree = "<group>"; };
		1B21F4B726E0D8E5008F0470 /* SceneDelegate.swift */ = {isa = PBXFileReference; lastKnownFileType = sourcecode.swift; path = SceneDelegate.swift; sourceTree = "<group>"; };
		1B21F4BC26E0D8E5008F0470 /* Base */ = {isa = PBXFileReference; lastKnownFileType = file.storyboard; name = Base; path = Base.lproj/Main.storyboard; sourceTree = "<group>"; };
		1B21F4BF26E0D8E5008F0470 /* RickAndMorty.xcdatamodel */ = {isa = PBXFileReference; lastKnownFileType = wrapper.xcdatamodel; path = RickAndMorty.xcdatamodel; sourceTree = "<group>"; };
		1B21F4C126E0D8E8008F0470 /* Assets.xcassets */ = {isa = PBXFileReference; lastKnownFileType = folder.assetcatalog; path = Assets.xcassets; sourceTree = "<group>"; };
		1B21F4C426E0D8E8008F0470 /* Base */ = {isa = PBXFileReference; lastKnownFileType = file.storyboard; name = Base; path = Base.lproj/LaunchScreen.storyboard; sourceTree = "<group>"; };
		1B21F4C626E0D8E8008F0470 /* Info.plist */ = {isa = PBXFileReference; lastKnownFileType = text.plist.xml; path = Info.plist; sourceTree = "<group>"; };
		1B21F4D426E2279B008F0470 /* Utility.swift */ = {isa = PBXFileReference; lastKnownFileType = sourcecode.swift; path = Utility.swift; sourceTree = "<group>"; };
		1B21F4D626E27480008F0470 /* LoginView.swift */ = {isa = PBXFileReference; lastKnownFileType = sourcecode.swift; path = LoginView.swift; sourceTree = "<group>"; };
		1BF7B6B926E66361006E610D /* MainInfoTableView.swift */ = {isa = PBXFileReference; lastKnownFileType = sourcecode.swift; path = MainInfoTableView.swift; sourceTree = "<group>"; };
		1BF7B6BB26E66E68006E610D /* PreviewViewController.swift */ = {isa = PBXFileReference; lastKnownFileType = sourcecode.swift; name = PreviewViewController.swift; path = RickAndMorty/View/PreviewViewController.swift; sourceTree = SOURCE_ROOT; };
		3BCD332416152DBE4E9CA4F9 /* Pods-RickAndMorty.release.xcconfig */ = {isa = PBXFileReference; includeInIndex = 1; lastKnownFileType = text.xcconfig; name = "Pods-RickAndMorty.release.xcconfig"; path = "Target Support Files/Pods-RickAndMorty/Pods-RickAndMorty.release.xcconfig"; sourceTree = "<group>"; };
		44FDD57C9690AC29581A8B17 /* Pods-RickAndMorty.debug.xcconfig */ = {isa = PBXFileReference; includeInIndex = 1; lastKnownFileType = text.xcconfig; name = "Pods-RickAndMorty.debug.xcconfig"; path = "Target Support Files/Pods-RickAndMorty/Pods-RickAndMorty.debug.xcconfig"; sourceTree = "<group>"; };
		E7E63B0C1BE14E4B9E1DC808 /* Pods_RickAndMorty.framework */ = {isa = PBXFileReference; explicitFileType = wrapper.framework; includeInIndex = 0; path = Pods_RickAndMorty.framework; sourceTree = BUILT_PRODUCTS_DIR; };
/* End PBXFileReference section */

/* Begin PBXFrameworksBuildPhase section */
		1B21F4AF26E0D8E5008F0470 /* Frameworks */ = {
			isa = PBXFrameworksBuildPhase;
			buildActionMask = 2147483647;
			files = (
				E52CB61DD74036FC0BF1E519 /* Pods_RickAndMorty.framework in Frameworks */,
			);
			runOnlyForDeploymentPostprocessing = 0;
		};
/* End PBXFrameworksBuildPhase section */

/* Begin PBXGroup section */
		1B21F4A926E0D8E5008F0470 = {
			isa = PBXGroup;
			children = (
				1B21F4B426E0D8E5008F0470 /* RickAndMorty */,
				1B21F4B326E0D8E5008F0470 /* Products */,
				393B61C807F1E153C4BFF656 /* Pods */,
				97506458005B99A7ED644E52 /* Frameworks */,
			);
			sourceTree = "<group>";
		};
		1B21F4B326E0D8E5008F0470 /* Products */ = {
			isa = PBXGroup;
			children = (
				1B21F4B226E0D8E5008F0470 /* RickAndMorty.app */,
			);
			name = Products;
			sourceTree = "<group>";
		};
		1B21F4B426E0D8E5008F0470 /* RickAndMorty */ = {
			isa = PBXGroup;
			children = (
				1B21F4CF26E223E5008F0470 /* Presenter */,
				1B21F4CE26E223E3008F0470 /* View */,
				1B21F4CD26E223DF008F0470 /* Model */,
				1B21F4B526E0D8E5008F0470 /* AppDelegate.swift */,
				1B21F4B726E0D8E5008F0470 /* SceneDelegate.swift */,
				1B21F4C126E0D8E8008F0470 /* Assets.xcassets */,
				1B21F4C626E0D8E8008F0470 /* Info.plist */,
			);
			path = RickAndMorty;
			sourceTree = "<group>";
		};
		1B21F4CD26E223DF008F0470 /* Model */ = {
			isa = PBXGroup;
			children = (
				1B21F4BE26E0D8E5008F0470 /* RickAndMorty.xcdatamodeld */,
				1B21F4D426E2279B008F0470 /* Utility.swift */,
			);
			path = Model;
			sourceTree = "<group>";
		};
		1B21F4CE26E223E3008F0470 /* View */ = {
			isa = PBXGroup;
			children = (
				1BF7B6BB26E66E68006E610D /* PreviewViewController.swift */,
				1B21F4D626E27480008F0470 /* LoginView.swift */,
				1BF7B6B926E66361006E610D /* MainInfoTableView.swift */,
			);
			path = View;
			sourceTree = "<group>";
		};
		1B21F4CF26E223E5008F0470 /* Presenter */ = {
			isa = PBXGroup;
			children = (
				1B21F4C326E0D8E8008F0470 /* LaunchScreen.storyboard */,
				1B21F4BB26E0D8E5008F0470 /* Main.storyboard */,
			);
			path = Presenter;
			sourceTree = "<group>";
		};
		393B61C807F1E153C4BFF656 /* Pods */ = {
			isa = PBXGroup;
			children = (
				44FDD57C9690AC29581A8B17 /* Pods-RickAndMorty.debug.xcconfig */,
				3BCD332416152DBE4E9CA4F9 /* Pods-RickAndMorty.release.xcconfig */,
			);
			path = Pods;
			sourceTree = "<group>";
		};
		97506458005B99A7ED644E52 /* Frameworks */ = {
			isa = PBXGroup;
			children = (
				E7E63B0C1BE14E4B9E1DC808 /* Pods_RickAndMorty.framework */,
			);
			name = Frameworks;
			sourceTree = "<group>";
		};
/* End PBXGroup section */

/* Begin PBXNativeTarget section */
		1B21F4B126E0D8E5008F0470 /* RickAndMorty */ = {
			isa = PBXNativeTarget;
			buildConfigurationList = 1B21F4C926E0D8E8008F0470 /* Build configuration list for PBXNativeTarget "RickAndMorty" */;
			buildPhases = (
				2467F884336A483D2E4A5C29 /* [CP] Check Pods Manifest.lock */,
				1B21F4CC26E0D99A008F0470 /* SwiftLint */,
				1B21F4AE26E0D8E5008F0470 /* Sources */,
				1B21F4AF26E0D8E5008F0470 /* Frameworks */,
				1B21F4B026E0D8E5008F0470 /* Resources */,
				A6E9E0CF27F01445DBD95D02 /* [CP] Embed Pods Frameworks */,
			);
			buildRules = (
			);
			dependencies = (
			);
			name = RickAndMorty;
			productName = RickAndMorty;
			productReference = 1B21F4B226E0D8E5008F0470 /* RickAndMorty.app */;
			productType = "com.apple.product-type.application";
		};
/* End PBXNativeTarget section */

/* Begin PBXProject section */
		1B21F4AA26E0D8E5008F0470 /* Project object */ = {
			isa = PBXProject;
			attributes = {
				LastSwiftUpdateCheck = 1250;
				LastUpgradeCheck = 1250;
				TargetAttributes = {
					1B21F4B126E0D8E5008F0470 = {
						CreatedOnToolsVersion = 12.5.1;
					};
				};
			};
			buildConfigurationList = 1B21F4AD26E0D8E5008F0470 /* Build configuration list for PBXProject "RickAndMorty" */;
			compatibilityVersion = "Xcode 9.3";
			developmentRegion = en;
			hasScannedForEncodings = 0;
			knownRegions = (
				en,
				Base,
			);
			mainGroup = 1B21F4A926E0D8E5008F0470;
			productRefGroup = 1B21F4B326E0D8E5008F0470 /* Products */;
			projectDirPath = "";
			projectRoot = "";
			targets = (
				1B21F4B126E0D8E5008F0470 /* RickAndMorty */,
			);
		};
/* End PBXProject section */

/* Begin PBXResourcesBuildPhase section */
		1B21F4B026E0D8E5008F0470 /* Resources */ = {
			isa = PBXResourcesBuildPhase;
			buildActionMask = 2147483647;
			files = (
				1B21F4C526E0D8E8008F0470 /* LaunchScreen.storyboard in Resources */,
				1B21F4C226E0D8E8008F0470 /* Assets.xcassets in Resources */,
				1B21F4BD26E0D8E5008F0470 /* Main.storyboard in Resources */,
			);
			runOnlyForDeploymentPostprocessing = 0;
		};
/* End PBXResourcesBuildPhase section */

/* Begin PBXShellScriptBuildPhase section */
		1B21F4CC26E0D99A008F0470 /* SwiftLint */ = {
			isa = PBXShellScriptBuildPhase;
			buildActionMask = 2147483647;
			files = (
			);
			inputFileListPaths = (
			);
			inputPaths = (
			);
			name = SwiftLint;
			outputFileListPaths = (
			);
			outputPaths = (
			);
			runOnlyForDeploymentPostprocessing = 0;
			shellPath = /bin/sh;
			shellScript = "${PODS_ROOT}/SwiftLint/swiftlint\n";
		};
		2467F884336A483D2E4A5C29 /* [CP] Check Pods Manifest.lock */ = {
			isa = PBXShellScriptBuildPhase;
			buildActionMask = 2147483647;
			files = (
			);
			inputFileListPaths = (
			);
			inputPaths = (
				"${PODS_PODFILE_DIR_PATH}/Podfile.lock",
				"${PODS_ROOT}/Manifest.lock",
			);
			name = "[CP] Check Pods Manifest.lock";
			outputFileListPaths = (
			);
			outputPaths = (
				"$(DERIVED_FILE_DIR)/Pods-RickAndMorty-checkManifestLockResult.txt",
			);
			runOnlyForDeploymentPostprocessing = 0;
			shellPath = /bin/sh;
			shellScript = "diff \"${PODS_PODFILE_DIR_PATH}/Podfile.lock\" \"${PODS_ROOT}/Manifest.lock\" > /dev/null\nif [ $? != 0 ] ; then\n    # print error to STDERR\n    echo \"error: The sandbox is not in sync with the Podfile.lock. Run 'pod install' or update your CocoaPods installation.\" >&2\n    exit 1\nfi\n# This output is used by Xcode 'outputs' to avoid re-running this script phase.\necho \"SUCCESS\" > \"${SCRIPT_OUTPUT_FILE_0}\"\n";
			showEnvVarsInLog = 0;
		};
		A6E9E0CF27F01445DBD95D02 /* [CP] Embed Pods Frameworks */ = {
			isa = PBXShellScriptBuildPhase;
			buildActionMask = 2147483647;
			files = (
			);
			inputFileListPaths = (
				"${PODS_ROOT}/Target Support Files/Pods-RickAndMorty/Pods-RickAndMorty-frameworks-${CONFIGURATION}-input-files.xcfilelist",
			);
			name = "[CP] Embed Pods Frameworks";
			outputFileListPaths = (
				"${PODS_ROOT}/Target Support Files/Pods-RickAndMorty/Pods-RickAndMorty-frameworks-${CONFIGURATION}-output-files.xcfilelist",
			);
			runOnlyForDeploymentPostprocessing = 0;
			shellPath = /bin/sh;
			shellScript = "\"${PODS_ROOT}/Target Support Files/Pods-RickAndMorty/Pods-RickAndMorty-frameworks.sh\"\n";
			showEnvVarsInLog = 0;
		};
/* End PBXShellScriptBuildPhase section */

/* Begin PBXSourcesBuildPhase section */
		1B21F4AE26E0D8E5008F0470 /* Sources */ = {
			isa = PBXSourcesBuildPhase;
			buildActionMask = 2147483647;
			files = (
				1B21F4D526E2279B008F0470 /* Utility.swift in Sources */,
				1B21F4C026E0D8E5008F0470 /* RickAndMorty.xcdatamodeld in Sources */,
				1BF7B6BC26E66E68006E610D /* PreviewViewController.swift in Sources */,
				1B21F4D726E27480008F0470 /* LoginView.swift in Sources */,
				1BF7B6BA26E66361006E610D /* MainInfoTableView.swift in Sources */,
				1B21F4B626E0D8E5008F0470 /* AppDelegate.swift in Sources */,
				1B21F4B826E0D8E5008F0470 /* SceneDelegate.swift in Sources */,
			);
			runOnlyForDeploymentPostprocessing = 0;
		};
/* End PBXSourcesBuildPhase section */

/* Begin PBXVariantGroup section */
		1B21F4BB26E0D8E5008F0470 /* Main.storyboard */ = {
			isa = PBXVariantGroup;
			children = (
				1B21F4BC26E0D8E5008F0470 /* Base */,
			);
			name = Main.storyboard;
			sourceTree = "<group>";
		};
		1B21F4C326E0D8E8008F0470 /* LaunchScreen.storyboard */ = {
			isa = PBXVariantGroup;
			children = (
				1B21F4C426E0D8E8008F0470 /* Base */,
			);
			name = LaunchScreen.storyboard;
			sourceTree = "<group>";
		};
/* End PBXVariantGroup section */

/* Begin XCBuildConfiguration section */
		1B21F4C726E0D8E8008F0470 /* Debug */ = {
			isa = XCBuildConfiguration;
			buildSettings = {
				ALWAYS_SEARCH_USER_PATHS = NO;
				CLANG_ANALYZER_NONNULL = YES;
				CLANG_ANALYZER_NUMBER_OBJECT_CONVERSION = YES_AGGRESSIVE;
				CLANG_CXX_LANGUAGE_STANDARD = "gnu++14";
				CLANG_CXX_LIBRARY = "libc++";
				CLANG_ENABLE_MODULES = YES;
				CLANG_ENABLE_OBJC_ARC = YES;
				CLANG_ENABLE_OBJC_WEAK = YES;
				CLANG_WARN_BLOCK_CAPTURE_AUTORELEASING = YES;
				CLANG_WARN_BOOL_CONVERSION = YES;
				CLANG_WARN_COMMA = YES;
				CLANG_WARN_CONSTANT_CONVERSION = YES;
				CLANG_WARN_DEPRECATED_OBJC_IMPLEMENTATIONS = YES;
				CLANG_WARN_DIRECT_OBJC_ISA_USAGE = YES_ERROR;
				CLANG_WARN_DOCUMENTATION_COMMENTS = YES;
				CLANG_WARN_EMPTY_BODY = YES;
				CLANG_WARN_ENUM_CONVERSION = YES;
				CLANG_WARN_INFINITE_RECURSION = YES;
				CLANG_WARN_INT_CONVERSION = YES;
				CLANG_WARN_NON_LITERAL_NULL_CONVERSION = YES;
				CLANG_WARN_OBJC_IMPLICIT_RETAIN_SELF = YES;
				CLANG_WARN_OBJC_LITERAL_CONVERSION = YES;
				CLANG_WARN_OBJC_ROOT_CLASS = YES_ERROR;
				CLANG_WARN_QUOTED_INCLUDE_IN_FRAMEWORK_HEADER = YES;
				CLANG_WARN_RANGE_LOOP_ANALYSIS = YES;
				CLANG_WARN_STRICT_PROTOTYPES = YES;
				CLANG_WARN_SUSPICIOUS_MOVE = YES;
				CLANG_WARN_UNGUARDED_AVAILABILITY = YES_AGGRESSIVE;
				CLANG_WARN_UNREACHABLE_CODE = YES;
				CLANG_WARN__DUPLICATE_METHOD_MATCH = YES;
				COPY_PHASE_STRIP = NO;
				DEBUG_INFORMATION_FORMAT = dwarf;
				ENABLE_STRICT_OBJC_MSGSEND = YES;
				ENABLE_TESTABILITY = YES;
				GCC_C_LANGUAGE_STANDARD = gnu11;
				GCC_DYNAMIC_NO_PIC = NO;
				GCC_NO_COMMON_BLOCKS = YES;
				GCC_OPTIMIZATION_LEVEL = 0;
				GCC_PREPROCESSOR_DEFINITIONS = (
					"DEBUG=1",
					"$(inherited)",
				);
				GCC_WARN_64_TO_32_BIT_CONVERSION = YES;
				GCC_WARN_ABOUT_RETURN_TYPE = YES_ERROR;
				GCC_WARN_UNDECLARED_SELECTOR = YES;
				GCC_WARN_UNINITIALIZED_AUTOS = YES_AGGRESSIVE;
				GCC_WARN_UNUSED_FUNCTION = YES;
				GCC_WARN_UNUSED_VARIABLE = YES;
				IPHONEOS_DEPLOYMENT_TARGET = 14.5;
				MTL_ENABLE_DEBUG_INFO = INCLUDE_SOURCE;
				MTL_FAST_MATH = YES;
				ONLY_ACTIVE_ARCH = YES;
				SDKROOT = iphoneos;
				SWIFT_ACTIVE_COMPILATION_CONDITIONS = DEBUG;
				SWIFT_OPTIMIZATION_LEVEL = "-Onone";
			};
			name = Debug;
		};
		1B21F4C826E0D8E8008F0470 /* Release */ = {
			isa = XCBuildConfiguration;
			buildSettings = {
				ALWAYS_SEARCH_USER_PATHS = NO;
				CLANG_ANALYZER_NONNULL = YES;
				CLANG_ANALYZER_NUMBER_OBJECT_CONVERSION = YES_AGGRESSIVE;
				CLANG_CXX_LANGUAGE_STANDARD = "gnu++14";
				CLANG_CXX_LIBRARY = "libc++";
				CLANG_ENABLE_MODULES = YES;
				CLANG_ENABLE_OBJC_ARC = YES;
				CLANG_ENABLE_OBJC_WEAK = YES;
				CLANG_WARN_BLOCK_CAPTURE_AUTORELEASING = YES;
				CLANG_WARN_BOOL_CONVERSION = YES;
				CLANG_WARN_COMMA = YES;
				CLANG_WARN_CONSTANT_CONVERSION = YES;
				CLANG_WARN_DEPRECATED_OBJC_IMPLEMENTATIONS = YES;
				CLANG_WARN_DIRECT_OBJC_ISA_USAGE = YES_ERROR;
				CLANG_WARN_DOCUMENTATION_COMMENTS = YES;
				CLANG_WARN_EMPTY_BODY = YES;
				CLANG_WARN_ENUM_CONVERSION = YES;
				CLANG_WARN_INFINITE_RECURSION = YES;
				CLANG_WARN_INT_CONVERSION = YES;
				CLANG_WARN_NON_LITERAL_NULL_CONVERSION = YES;
				CLANG_WARN_OBJC_IMPLICIT_RETAIN_SELF = YES;
				CLANG_WARN_OBJC_LITERAL_CONVERSION = YES;
				CLANG_WARN_OBJC_ROOT_CLASS = YES_ERROR;
				CLANG_WARN_QUOTED_INCLUDE_IN_FRAMEWORK_HEADER = YES;
				CLANG_WARN_RANGE_LOOP_ANALYSIS = YES;
				CLANG_WARN_STRICT_PROTOTYPES = YES;
				CLANG_WARN_SUSPICIOUS_MOVE = YES;
				CLANG_WARN_UNGUARDED_AVAILABILITY = YES_AGGRESSIVE;
				CLANG_WARN_UNREACHABLE_CODE = YES;
				CLANG_WARN__DUPLICATE_METHOD_MATCH = YES;
				COPY_PHASE_STRIP = NO;
				DEBUG_INFORMATION_FORMAT = "dwarf-with-dsym";
				ENABLE_NS_ASSERTIONS = NO;
				ENABLE_STRICT_OBJC_MSGSEND = YES;
				GCC_C_LANGUAGE_STANDARD = gnu11;
				GCC_NO_COMMON_BLOCKS = YES;
				GCC_WARN_64_TO_32_BIT_CONVERSION = YES;
				GCC_WARN_ABOUT_RETURN_TYPE = YES_ERROR;
				GCC_WARN_UNDECLARED_SELECTOR = YES;
				GCC_WARN_UNINITIALIZED_AUTOS = YES_AGGRESSIVE;
				GCC_WARN_UNUSED_FUNCTION = YES;
				GCC_WARN_UNUSED_VARIABLE = YES;
				IPHONEOS_DEPLOYMENT_TARGET = 14.5;
				MTL_ENABLE_DEBUG_INFO = NO;
				MTL_FAST_MATH = YES;
				SDKROOT = iphoneos;
				SWIFT_COMPILATION_MODE = wholemodule;
				SWIFT_OPTIMIZATION_LEVEL = "-O";
				VALIDATE_PRODUCT = YES;
			};
			name = Release;
		};
		1B21F4CA26E0D8E8008F0470 /* Debug */ = {
			isa = XCBuildConfiguration;
			baseConfigurationReference = 44FDD57C9690AC29581A8B17 /* Pods-RickAndMorty.debug.xcconfig */;
			buildSettings = {
				ASSETCATALOG_COMPILER_APPICON_NAME = AppIcon;
				ASSETCATALOG_COMPILER_GLOBAL_ACCENT_COLOR_NAME = AccentColor;
				CODE_SIGN_STYLE = Automatic;
				DEVELOPMENT_TEAM = 638JMZXLWD;
				INFOPLIST_FILE = RickAndMorty/Info.plist;
				LD_RUNPATH_SEARCH_PATHS = (
					"$(inherited)",
					"@executable_path/Frameworks",
				);
				PRODUCT_BUNDLE_IDENTIFIER = htc.RickAndMorty;
				PRODUCT_NAME = "$(TARGET_NAME)";
				SWIFT_VERSION = 5.0;
				TARGETED_DEVICE_FAMILY = "1,2";
			};
			name = Debug;
		};
		1B21F4CB26E0D8E8008F0470 /* Release */ = {
			isa = XCBuildConfiguration;
			baseConfigurationReference = 3BCD332416152DBE4E9CA4F9 /* Pods-RickAndMorty.release.xcconfig */;
			buildSettings = {
				ASSETCATALOG_COMPILER_APPICON_NAME = AppIcon;
				ASSETCATALOG_COMPILER_GLOBAL_ACCENT_COLOR_NAME = AccentColor;
				CODE_SIGN_STYLE = Automatic;
				DEVELOPMENT_TEAM = 638JMZXLWD;
				INFOPLIST_FILE = RickAndMorty/Info.plist;
				LD_RUNPATH_SEARCH_PATHS = (
					"$(inherited)",
					"@executable_path/Frameworks",
				);
				PRODUCT_BUNDLE_IDENTIFIER = htc.RickAndMorty;
				PRODUCT_NAME = "$(TARGET_NAME)";
				SWIFT_VERSION = 5.0;
				TARGETED_DEVICE_FAMILY = "1,2";
			};
			name = Release;
		};
/* End XCBuildConfiguration section */

/* Begin XCConfigurationList section */
		1B21F4AD26E0D8E5008F0470 /* Build configuration list for PBXProject "RickAndMorty" */ = {
			isa = XCConfigurationList;
			buildConfigurations = (
				1B21F4C726E0D8E8008F0470 /* Debug */,
				1B21F4C826E0D8E8008F0470 /* Release */,
			);
			defaultConfigurationIsVisible = 0;
			defaultConfigurationName = Release;
		};
		1B21F4C926E0D8E8008F0470 /* Build configuration list for PBXNativeTarget "RickAndMorty" */ = {
			isa = XCConfigurationList;
			buildConfigurations = (
				1B21F4CA26E0D8E8008F0470 /* Debug */,
				1B21F4CB26E0D8E8008F0470 /* Release */,
			);
			defaultConfigurationIsVisible = 0;
			defaultConfigurationName = Release;
		};
/* End XCConfigurationList section */

/* Begin XCVersionGroup section */
		1B21F4BE26E0D8E5008F0470 /* RickAndMorty.xcdatamodeld */ = {
			isa = XCVersionGroup;
			children = (
				1B21F4BF26E0D8E5008F0470 /* RickAndMorty.xcdatamodel */,
			);
			currentVersion = 1B21F4BF26E0D8E5008F0470 /* RickAndMorty.xcdatamodel */;
			path = RickAndMorty.xcdatamodeld;
			sourceTree = "<group>";
			versionGroupType = wrapper.xcdatamodel;
		};
/* End XCVersionGroup section */
	};
	rootObject = 1B21F4AA26E0D8E5008F0470 /* Project object */;
}
