// !$*UTF8*$!
{
	archiveVersion = 1;
	classes = {
	};
	objectVersion = 51;
	objects = {

/* Begin PBXBuildFile section */
		1B21F4B626E0D8E5008F0470 /* AppDelegate.swift in Sources */ = {isa = PBXBuildFile; fileRef = 1B21F4B526E0D8E5008F0470 /* AppDelegate.swift */; };
		1B21F4B826E0D8E5008F0470 /* SceneDelegate.swift in Sources */ = {isa = PBXBuildFile; fileRef = 1B21F4B726E0D8E5008F0470 /* SceneDelegate.swift */; };
		1B21F4BD26E0D8E5008F0470 /* Main.storyboard in Resources */ = {isa = PBXBuildFile; fileRef = 1B21F4BB26E0D8E5008F0470 /* Main.storyboard */; };
		1B21F4C226E0D8E8008F0470 /* Assets.xcassets in Resources */ = {isa = PBXBuildFile; fileRef = 1B21F4C126E0D8E8008F0470 /* Assets.xcassets */; };
		1B21F4C526E0D8E8008F0470 /* LaunchScreen.storyboard in Resources */ = {isa = PBXBuildFile; fileRef = 1B21F4C326E0D8E8008F0470 /* LaunchScreen.storyboard */; };
		1B21F4D526E2279B008F0470 /* KeyChainAccount.swift in Sources */ = {isa = PBXBuildFile; fileRef = 1B21F4D426E2279B008F0470 /* KeyChainAccount.swift */; };
		1B21F4D726E27480008F0470 /* LoginViewController.swift in Sources */ = {isa = PBXBuildFile; fileRef = 1B21F4D626E27480008F0470 /* LoginViewController.swift */; };
		1BB064352730101500348E44 /* CharactersFavoriteCell.swift in Sources */ = {isa = PBXBuildFile; fileRef = 1BB064342730101500348E44 /* CharactersFavoriteCell.swift */; };
		1BEB420126E806E9002B1574 /* PageViewController.swift in Sources */ = {isa = PBXBuildFile; fileRef = 1BEB420026E806E9002B1574 /* PageViewController.swift */; };
		1BEB420326E8A7F2002B1574 /* LabelViewController.swift in Sources */ = {isa = PBXBuildFile; fileRef = 1BEB420226E8A7F2002B1574 /* LabelViewController.swift */; };
		1BEB420E26F8A5BD002B1574 /* RequestServiceProtocols.swift in Sources */ = {isa = PBXBuildFile; fileRef = 1BEB420D26F8A5BD002B1574 /* RequestServiceProtocols.swift */; };
		1BF7B6BA26E66361006E610D /* CharactersTableView.swift in Sources */ = {isa = PBXBuildFile; fileRef = 1BF7B6B926E66361006E610D /* CharactersTableView.swift */; };
		1BF7B6BC26E66E68006E610D /* PreviewViewController.swift in Sources */ = {isa = PBXBuildFile; fileRef = 1BF7B6BB26E66E68006E610D /* PreviewViewController.swift */; };
		1BFD31452703051400901BCB /* InfoDTO.swift in Sources */ = {isa = PBXBuildFile; fileRef = 1BFD31442703051400901BCB /* InfoDTO.swift */; };
		1BFD31472703052F00901BCB /* CharacterResultDTO.swift in Sources */ = {isa = PBXBuildFile; fileRef = 1BFD31462703052F00901BCB /* CharacterResultDTO.swift */; };
		1BFD31492703057800901BCB /* LocationArrayDTO.swift in Sources */ = {isa = PBXBuildFile; fileRef = 1BFD31482703057800901BCB /* LocationArrayDTO.swift */; };
		1BFD314B2703064900901BCB /* OriginDTO.swift in Sources */ = {isa = PBXBuildFile; fileRef = 1BFD314A2703064900901BCB /* OriginDTO.swift */; };
		1BFD314F2703075200901BCB /* CharacterDTO.swift in Sources */ = {isa = PBXBuildFile; fileRef = 1BFD314E2703075200901BCB /* CharacterDTO.swift */; };
		1BFD3152270307D000901BCB /* RequestServiceAPI.swift in Sources */ = {isa = PBXBuildFile; fileRef = 1BFD3151270307D000901BCB /* RequestServiceAPI.swift */; };
		1BFD31562705F7BB00901BCB /* UserCacheData.swift in Sources */ = {isa = PBXBuildFile; fileRef = 1BFD31552705F7BB00901BCB /* UserCacheData.swift */; };
		1BFD315E270B276200901BCB /* LocationDTO.swift in Sources */ = {isa = PBXBuildFile; fileRef = 1BFD315D270B276200901BCB /* LocationDTO.swift */; };
		1BFD3160270B27CB00901BCB /* LocationResultDTO.swift in Sources */ = {isa = PBXBuildFile; fileRef = 1BFD315F270B27CB00901BCB /* LocationResultDTO.swift */; };
		1BFD3162270B28D000901BCB /* EpisodesDTO.swift in Sources */ = {isa = PBXBuildFile; fileRef = 1BFD3161270B28D000901BCB /* EpisodesDTO.swift */; };
		1BFD3164270B28FE00901BCB /* EpisodesResultDTO.swift in Sources */ = {isa = PBXBuildFile; fileRef = 1BFD3163270B28FE00901BCB /* EpisodesResultDTO.swift */; };
		1BFD316A270B318400901BCB /* RickAndMorty.xcdatamodeld in Sources */ = {isa = PBXBuildFile; fileRef = 1BFD3168270B318400901BCB /* RickAndMorty.xcdatamodeld */; };
		1BFD316D270F792100901BCB /* TabBarViewController.swift in Sources */ = {isa = PBXBuildFile; fileRef = 1BFD316C270F792100901BCB /* TabBarViewController.swift */; };
		1BFD316F270F793C00901BCB /* CustomTabBar.swift in Sources */ = {isa = PBXBuildFile; fileRef = 1BFD316E270F793C00901BCB /* CustomTabBar.swift */; };
		1BFD31782711D4C300901BCB /* LocationTableViewController.swift in Sources */ = {isa = PBXBuildFile; fileRef = 1BFD31772711D4C300901BCB /* LocationTableViewController.swift */; };
		1BFD317A2711D4DF00901BCB /* EpisodesTableView.swift in Sources */ = {isa = PBXBuildFile; fileRef = 1BFD31792711D4DF00901BCB /* EpisodesTableView.swift */; };
		1BFD317C2711DEF000901BCB /* CharacterTableViewCell.swift in Sources */ = {isa = PBXBuildFile; fileRef = 1BFD317B2711DEF000901BCB /* CharacterTableViewCell.swift */; };
		1BFD318027158FE200901BCB /* EpisodesTableViewCell.swift in Sources */ = {isa = PBXBuildFile; fileRef = 1BFD317F27158FE200901BCB /* EpisodesTableViewCell.swift */; };
		1BFD31832715A2BF00901BCB /* LocationTableViewCell.swift in Sources */ = {isa = PBXBuildFile; fileRef = 1BFD31822715A2BF00901BCB /* LocationTableViewCell.swift */; };
		1BFD31892717045500901BCB /* UserCacheDataProtocols.swift in Sources */ = {isa = PBXBuildFile; fileRef = 1BFD31882717045500901BCB /* UserCacheDataProtocols.swift */; };
		1BFD318F2719945700901BCB /* CharacterCardTVC.swift in Sources */ = {isa = PBXBuildFile; fileRef = 1BFD318E2719945700901BCB /* CharacterCardTVC.swift */; };
		1BFD3193271C43A900901BCB /* CharactersUI.storyboard in Resources */ = {isa = PBXBuildFile; fileRef = 1BFD3192271C43A900901BCB /* CharactersUI.storyboard */; };
		1BFD3195271C442700901BCB /* LocationUI.storyboard in Resources */ = {isa = PBXBuildFile; fileRef = 1BFD3194271C442700901BCB /* LocationUI.storyboard */; };
		1BFD3198271C44B800901BCB /* EpisodesUI.storyboard in Resources */ = {isa = PBXBuildFile; fileRef = 1BFD3197271C44B800901BCB /* EpisodesUI.storyboard */; };
		1BFD319A271C455000901BCB /* TabBarUI.storyboard in Resources */ = {isa = PBXBuildFile; fileRef = 1BFD3199271C455000901BCB /* TabBarUI.storyboard */; };
		1BFD319E271EB4F300901BCB /* StatisticsViewController.swift in Sources */ = {isa = PBXBuildFile; fileRef = 1BFD319D271EB4F300901BCB /* StatisticsViewController.swift */; };
		1BFD31A0271EB52B00901BCB /* StatisticsUI.storyboard in Resources */ = {isa = PBXBuildFile; fileRef = 1BFD319F271EB52B00901BCB /* StatisticsUI.storyboard */; };
		1BFD31A327218FD500901BCB /* CharacterInfoCell.swift in Sources */ = {isa = PBXBuildFile; fileRef = 1BFD31A227218FD400901BCB /* CharacterInfoCell.swift */; };
		1BFD31A527218FEE00901BCB /* CharacterLocationCell.swift in Sources */ = {isa = PBXBuildFile; fileRef = 1BFD31A427218FEE00901BCB /* CharacterLocationCell.swift */; };
		1BFD31A72721900700901BCB /* CharacterEpisodesCell.swift in Sources */ = {isa = PBXBuildFile; fileRef = 1BFD31A62721900700901BCB /* CharacterEpisodesCell.swift */; };
		1BFD31B3272725B200901BCB /* SimilarCollectionViewCell.swift in Sources */ = {isa = PBXBuildFile; fileRef = 1BFD31B1272725B200901BCB /* SimilarCollectionViewCell.swift */; };
		1BFD31B4272725B200901BCB /* SimilarCollectionViewCell.xib in Resources */ = {isa = PBXBuildFile; fileRef = 1BFD31B2272725B200901BCB /* SimilarCollectionViewCell.xib */; };
		1BFD31B8272820D100901BCB /* ContainerViewController.swift in Sources */ = {isa = PBXBuildFile; fileRef = 1BFD31B7272820D100901BCB /* ContainerViewController.swift */; };
		1BFD31BA2728225600901BCB /* GoogleMapViewController.swift in Sources */ = {isa = PBXBuildFile; fileRef = 1BFD31B92728225500901BCB /* GoogleMapViewController.swift */; };
		1BFD31BC272877BC00901BCB /* UserDefaultKeys.swift in Sources */ = {isa = PBXBuildFile; fileRef = 1BFD31BB272877BB00901BCB /* UserDefaultKeys.swift */; };
		1BFD31C027296D6500901BCB /* LocationCardTVC.swift in Sources */ = {isa = PBXBuildFile; fileRef = 1BFD31BF27296D6500901BCB /* LocationCardTVC.swift */; };
		1BFD31C327296DF500901BCB /* LocationInfoCell.swift in Sources */ = {isa = PBXBuildFile; fileRef = 1BFD31C227296DF500901BCB /* LocationInfoCell.swift */; };
		1BFD31C527296E4C00901BCB /* LocationCharacterCell.swift in Sources */ = {isa = PBXBuildFile; fileRef = 1BFD31C427296E4C00901BCB /* LocationCharacterCell.swift */; };
		1BFD31C92729728800901BCB /* EpisodesCardTVC.swift in Sources */ = {isa = PBXBuildFile; fileRef = 1BFD31C82729728800901BCB /* EpisodesCardTVC.swift */; };
		1BFD31CB272972AE00901BCB /* EpisodesInfoCell.swift in Sources */ = {isa = PBXBuildFile; fileRef = 1BFD31CA272972AE00901BCB /* EpisodesInfoCell.swift */; };
		1BFD31CD272972DA00901BCB /* EpisodesCharactersCell.swift in Sources */ = {isa = PBXBuildFile; fileRef = 1BFD31CC272972DA00901BCB /* EpisodesCharactersCell.swift */; };
		1BFD31D22729742000901BCB /* FavoriteTVC.swift in Sources */ = {isa = PBXBuildFile; fileRef = 1BFD31D12729741F00901BCB /* FavoriteTVC.swift */; };
		1BFD31D42729742C00901BCB /* FavoriteUI.storyboard in Resources */ = {isa = PBXBuildFile; fileRef = 1BFD31D32729742C00901BCB /* FavoriteUI.storyboard */; };
		1BFD31D6272AE25E00901BCB /* +UserCacheData.swift in Sources */ = {isa = PBXBuildFile; fileRef = 1BFD31D5272AE25D00901BCB /* +UserCacheData.swift */; };
		E52CB61DD74036FC0BF1E519 /* Pods_RickAndMorty.framework in Frameworks */ = {isa = PBXBuildFile; fileRef = E7E63B0C1BE14E4B9E1DC808 /* Pods_RickAndMorty.framework */; };
/* End PBXBuildFile section */

/* Begin PBXFileReference section */
		1B21F4B226E0D8E5008F0470 /* RickAndMorty.app */ = {isa = PBXFileReference; explicitFileType = wrapper.application; includeInIndex = 0; path = RickAndMorty.app; sourceTree = BUILT_PRODUCTS_DIR; };
		1B21F4B526E0D8E5008F0470 /* AppDelegate.swift */ = {isa = PBXFileReference; lastKnownFileType = sourcecode.swift; path = AppDelegate.swift; sourceTree = "<group>"; };
		1B21F4B726E0D8E5008F0470 /* SceneDelegate.swift */ = {isa = PBXFileReference; lastKnownFileType = sourcecode.swift; path = SceneDelegate.swift; sourceTree = "<group>"; };
		1B21F4BC26E0D8E5008F0470 /* Base */ = {isa = PBXFileReference; lastKnownFileType = file.storyboard; name = Base; path = Base.lproj/Main.storyboard; sourceTree = "<group>"; };
		1B21F4C126E0D8E8008F0470 /* Assets.xcassets */ = {isa = PBXFileReference; lastKnownFileType = folder.assetcatalog; path = Assets.xcassets; sourceTree = "<group>"; };
		1B21F4C426E0D8E8008F0470 /* Base */ = {isa = PBXFileReference; lastKnownFileType = file.storyboard; name = Base; path = Base.lproj/LaunchScreen.storyboard; sourceTree = "<group>"; };
		1B21F4C626E0D8E8008F0470 /* Info.plist */ = {isa = PBXFileReference; lastKnownFileType = text.plist.xml; path = Info.plist; sourceTree = "<group>"; };
		1B21F4D426E2279B008F0470 /* KeyChainAccount.swift */ = {isa = PBXFileReference; lastKnownFileType = sourcecode.swift; path = KeyChainAccount.swift; sourceTree = "<group>"; };
		1B21F4D626E27480008F0470 /* LoginViewController.swift */ = {isa = PBXFileReference; lastKnownFileType = sourcecode.swift; path = LoginViewController.swift; sourceTree = "<group>"; };
		1BB064342730101500348E44 /* CharactersFavoriteCell.swift */ = {isa = PBXFileReference; lastKnownFileType = sourcecode.swift; path = CharactersFavoriteCell.swift; sourceTree = "<group>"; };
		1BEB420026E806E9002B1574 /* PageViewController.swift */ = {isa = PBXFileReference; lastKnownFileType = sourcecode.swift; path = PageViewController.swift; sourceTree = "<group>"; };
		1BEB420226E8A7F2002B1574 /* LabelViewController.swift */ = {isa = PBXFileReference; lastKnownFileType = sourcecode.swift; path = LabelViewController.swift; sourceTree = "<group>"; };
		1BEB420D26F8A5BD002B1574 /* RequestServiceProtocols.swift */ = {isa = PBXFileReference; lastKnownFileType = sourcecode.swift; path = RequestServiceProtocols.swift; sourceTree = "<group>"; };
		1BF7B6B926E66361006E610D /* CharactersTableView.swift */ = {isa = PBXFileReference; lastKnownFileType = sourcecode.swift; path = CharactersTableView.swift; sourceTree = "<group>"; };
		1BF7B6BB26E66E68006E610D /* PreviewViewController.swift */ = {isa = PBXFileReference; lastKnownFileType = sourcecode.swift; name = PreviewViewController.swift; path = RickAndMorty/View/PreviewControllers/PreviewViewController.swift; sourceTree = SOURCE_ROOT; };
		1BFD31442703051400901BCB /* InfoDTO.swift */ = {isa = PBXFileReference; lastKnownFileType = sourcecode.swift; path = InfoDTO.swift; sourceTree = "<group>"; };
		1BFD31462703052F00901BCB /* CharacterResultDTO.swift */ = {isa = PBXFileReference; lastKnownFileType = sourcecode.swift; path = CharacterResultDTO.swift; sourceTree = "<group>"; };
		1BFD31482703057800901BCB /* LocationArrayDTO.swift */ = {isa = PBXFileReference; lastKnownFileType = sourcecode.swift; path = LocationArrayDTO.swift; sourceTree = "<group>"; };
		1BFD314A2703064900901BCB /* OriginDTO.swift */ = {isa = PBXFileReference; lastKnownFileType = sourcecode.swift; path = OriginDTO.swift; sourceTree = "<group>"; };
		1BFD314E2703075200901BCB /* CharacterDTO.swift */ = {isa = PBXFileReference; lastKnownFileType = sourcecode.swift; path = CharacterDTO.swift; sourceTree = "<group>"; };
		1BFD3151270307D000901BCB /* RequestServiceAPI.swift */ = {isa = PBXFileReference; lastKnownFileType = sourcecode.swift; path = RequestServiceAPI.swift; sourceTree = "<group>"; };
		1BFD31552705F7BB00901BCB /* UserCacheData.swift */ = {isa = PBXFileReference; lastKnownFileType = sourcecode.swift; path = UserCacheData.swift; sourceTree = "<group>"; };
		1BFD315D270B276200901BCB /* LocationDTO.swift */ = {isa = PBXFileReference; lastKnownFileType = sourcecode.swift; path = LocationDTO.swift; sourceTree = "<group>"; };
		1BFD315F270B27CB00901BCB /* LocationResultDTO.swift */ = {isa = PBXFileReference; lastKnownFileType = sourcecode.swift; path = LocationResultDTO.swift; sourceTree = "<group>"; };
		1BFD3161270B28D000901BCB /* EpisodesDTO.swift */ = {isa = PBXFileReference; lastKnownFileType = sourcecode.swift; path = EpisodesDTO.swift; sourceTree = "<group>"; };
		1BFD3163270B28FE00901BCB /* EpisodesResultDTO.swift */ = {isa = PBXFileReference; lastKnownFileType = sourcecode.swift; path = EpisodesResultDTO.swift; sourceTree = "<group>"; };
		1BFD3169270B318400901BCB /* RickAndMorty.xcdatamodel */ = {isa = PBXFileReference; lastKnownFileType = wrapper.xcdatamodel; path = RickAndMorty.xcdatamodel; sourceTree = "<group>"; };
		1BFD316C270F792100901BCB /* TabBarViewController.swift */ = {isa = PBXFileReference; lastKnownFileType = sourcecode.swift; path = TabBarViewController.swift; sourceTree = "<group>"; };
		1BFD316E270F793C00901BCB /* CustomTabBar.swift */ = {isa = PBXFileReference; lastKnownFileType = sourcecode.swift; path = CustomTabBar.swift; sourceTree = "<group>"; };
		1BFD31772711D4C300901BCB /* LocationTableViewController.swift */ = {isa = PBXFileReference; lastKnownFileType = sourcecode.swift; path = LocationTableViewController.swift; sourceTree = "<group>"; };
		1BFD31792711D4DF00901BCB /* EpisodesTableView.swift */ = {isa = PBXFileReference; lastKnownFileType = sourcecode.swift; path = EpisodesTableView.swift; sourceTree = "<group>"; };
		1BFD317B2711DEF000901BCB /* CharacterTableViewCell.swift */ = {isa = PBXFileReference; lastKnownFileType = sourcecode.swift; path = CharacterTableViewCell.swift; sourceTree = "<group>"; };
		1BFD317F27158FE200901BCB /* EpisodesTableViewCell.swift */ = {isa = PBXFileReference; lastKnownFileType = sourcecode.swift; path = EpisodesTableViewCell.swift; sourceTree = "<group>"; };
		1BFD31822715A2BF00901BCB /* LocationTableViewCell.swift */ = {isa = PBXFileReference; lastKnownFileType = sourcecode.swift; path = LocationTableViewCell.swift; sourceTree = "<group>"; };
		1BFD31882717045500901BCB /* UserCacheDataProtocols.swift */ = {isa = PBXFileReference; lastKnownFileType = sourcecode.swift; path = UserCacheDataProtocols.swift; sourceTree = "<group>"; };
		1BFD318E2719945700901BCB /* CharacterCardTVC.swift */ = {isa = PBXFileReference; lastKnownFileType = sourcecode.swift; path = CharacterCardTVC.swift; sourceTree = "<group>"; };
		1BFD3192271C43A900901BCB /* CharactersUI.storyboard */ = {isa = PBXFileReference; lastKnownFileType = file.storyboard; path = CharactersUI.storyboard; sourceTree = "<group>"; };
		1BFD3194271C442700901BCB /* LocationUI.storyboard */ = {isa = PBXFileReference; lastKnownFileType = file.storyboard; path = LocationUI.storyboard; sourceTree = "<group>"; };
		1BFD3197271C44B800901BCB /* EpisodesUI.storyboard */ = {isa = PBXFileReference; lastKnownFileType = file.storyboard; path = EpisodesUI.storyboard; sourceTree = "<group>"; };
		1BFD3199271C455000901BCB /* TabBarUI.storyboard */ = {isa = PBXFileReference; lastKnownFileType = file.storyboard; path = TabBarUI.storyboard; sourceTree = "<group>"; };
		1BFD319D271EB4F300901BCB /* StatisticsViewController.swift */ = {isa = PBXFileReference; lastKnownFileType = sourcecode.swift; path = StatisticsViewController.swift; sourceTree = "<group>"; };
		1BFD319F271EB52B00901BCB /* StatisticsUI.storyboard */ = {isa = PBXFileReference; lastKnownFileType = file.storyboard; path = StatisticsUI.storyboard; sourceTree = "<group>"; };
		1BFD31A227218FD400901BCB /* CharacterInfoCell.swift */ = {isa = PBXFileReference; lastKnownFileType = sourcecode.swift; path = CharacterInfoCell.swift; sourceTree = "<group>"; };
		1BFD31A427218FEE00901BCB /* CharacterLocationCell.swift */ = {isa = PBXFileReference; lastKnownFileType = sourcecode.swift; path = CharacterLocationCell.swift; sourceTree = "<group>"; };
		1BFD31A62721900700901BCB /* CharacterEpisodesCell.swift */ = {isa = PBXFileReference; lastKnownFileType = sourcecode.swift; path = CharacterEpisodesCell.swift; sourceTree = "<group>"; };
		1BFD31B1272725B200901BCB /* SimilarCollectionViewCell.swift */ = {isa = PBXFileReference; lastKnownFileType = sourcecode.swift; path = SimilarCollectionViewCell.swift; sourceTree = "<group>"; };
		1BFD31B2272725B200901BCB /* SimilarCollectionViewCell.xib */ = {isa = PBXFileReference; lastKnownFileType = file.xib; path = SimilarCollectionViewCell.xib; sourceTree = "<group>"; };
		1BFD31B7272820D100901BCB /* ContainerViewController.swift */ = {isa = PBXFileReference; lastKnownFileType = sourcecode.swift; path = ContainerViewController.swift; sourceTree = "<group>"; };
		1BFD31B92728225500901BCB /* GoogleMapViewController.swift */ = {isa = PBXFileReference; lastKnownFileType = sourcecode.swift; path = GoogleMapViewController.swift; sourceTree = "<group>"; };
		1BFD31BB272877BB00901BCB /* UserDefaultKeys.swift */ = {isa = PBXFileReference; lastKnownFileType = sourcecode.swift; path = UserDefaultKeys.swift; sourceTree = "<group>"; };
		1BFD31BF27296D6500901BCB /* LocationCardTVC.swift */ = {isa = PBXFileReference; lastKnownFileType = sourcecode.swift; path = LocationCardTVC.swift; sourceTree = "<group>"; };
		1BFD31C227296DF500901BCB /* LocationInfoCell.swift */ = {isa = PBXFileReference; lastKnownFileType = sourcecode.swift; path = LocationInfoCell.swift; sourceTree = "<group>"; };
		1BFD31C427296E4C00901BCB /* LocationCharacterCell.swift */ = {isa = PBXFileReference; lastKnownFileType = sourcecode.swift; path = LocationCharacterCell.swift; sourceTree = "<group>"; };
		1BFD31C82729728800901BCB /* EpisodesCardTVC.swift */ = {isa = PBXFileReference; lastKnownFileType = sourcecode.swift; path = EpisodesCardTVC.swift; sourceTree = "<group>"; };
		1BFD31CA272972AE00901BCB /* EpisodesInfoCell.swift */ = {isa = PBXFileReference; lastKnownFileType = sourcecode.swift; path = EpisodesInfoCell.swift; sourceTree = "<group>"; };
		1BFD31CC272972DA00901BCB /* EpisodesCharactersCell.swift */ = {isa = PBXFileReference; lastKnownFileType = sourcecode.swift; path = EpisodesCharactersCell.swift; sourceTree = "<group>"; };
		1BFD31D12729741F00901BCB /* FavoriteTVC.swift */ = {isa = PBXFileReference; lastKnownFileType = sourcecode.swift; path = FavoriteTVC.swift; sourceTree = "<group>"; };
		1BFD31D32729742C00901BCB /* FavoriteUI.storyboard */ = {isa = PBXFileReference; lastKnownFileType = file.storyboard; path = FavoriteUI.storyboard; sourceTree = "<group>"; };
		1BFD31D5272AE25D00901BCB /* +UserCacheData.swift */ = {isa = PBXFileReference; lastKnownFileType = sourcecode.swift; path = "+UserCacheData.swift"; sourceTree = "<group>"; };
		3BCD332416152DBE4E9CA4F9 /* Pods-RickAndMorty.release.xcconfig */ = {isa = PBXFileReference; includeInIndex = 1; lastKnownFileType = text.xcconfig; name = "Pods-RickAndMorty.release.xcconfig"; path = "Target Support Files/Pods-RickAndMorty/Pods-RickAndMorty.release.xcconfig"; sourceTree = "<group>"; };
		44FDD57C9690AC29581A8B17 /* Pods-RickAndMorty.debug.xcconfig */ = {isa = PBXFileReference; includeInIndex = 1; lastKnownFileType = text.xcconfig; name = "Pods-RickAndMorty.debug.xcconfig"; path = "Target Support Files/Pods-RickAndMorty/Pods-RickAndMorty.debug.xcconfig"; sourceTree = "<group>"; };
		E7E63B0C1BE14E4B9E1DC808 /* Pods_RickAndMorty.framework */ = {isa = PBXFileReference; explicitFileType = wrapper.framework; includeInIndex = 0; path = Pods_RickAndMorty.framework; sourceTree = BUILT_PRODUCTS_DIR; };
/* End PBXFileReference section */

/* Begin PBXFrameworksBuildPhase section */
		1B21F4AF26E0D8E5008F0470 /* Frameworks */ = {
			isa = PBXFrameworksBuildPhase;
			buildActionMask = 2147483647;
			files = (
				E52CB61DD74036FC0BF1E519 /* Pods_RickAndMorty.framework in Frameworks */,
			);
			runOnlyForDeploymentPostprocessing = 0;
		};
/* End PBXFrameworksBuildPhase section */

/* Begin PBXGroup section */
		1B21F4A926E0D8E5008F0470 = {
			isa = PBXGroup;
			children = (
				1B21F4B426E0D8E5008F0470 /* RickAndMorty */,
				1B21F4B326E0D8E5008F0470 /* Products */,
				393B61C807F1E153C4BFF656 /* Pods */,
				97506458005B99A7ED644E52 /* Frameworks */,
			);
			sourceTree = "<group>";
		};
		1B21F4B326E0D8E5008F0470 /* Products */ = {
			isa = PBXGroup;
			children = (
				1B21F4B226E0D8E5008F0470 /* RickAndMorty.app */,
			);
			name = Products;
			sourceTree = "<group>";
		};
		1B21F4B426E0D8E5008F0470 /* RickAndMorty */ = {
			isa = PBXGroup;
			children = (
				1B21F4CF26E223E5008F0470 /* UI */,
				1B21F4CE26E223E3008F0470 /* View */,
				1B21F4CD26E223DF008F0470 /* Model */,
				1B21F4B526E0D8E5008F0470 /* AppDelegate.swift */,
				1B21F4B726E0D8E5008F0470 /* SceneDelegate.swift */,
				1BFD31BB272877BB00901BCB /* UserDefaultKeys.swift */,
				1BFD3168270B318400901BCB /* RickAndMorty.xcdatamodeld */,
				1B21F4D426E2279B008F0470 /* KeyChainAccount.swift */,
				1B21F4C126E0D8E8008F0470 /* Assets.xcassets */,
				1B21F4C626E0D8E8008F0470 /* Info.plist */,
			);
			path = RickAndMorty;
			sourceTree = "<group>";
		};
		1B21F4CD26E223DF008F0470 /* Model */ = {
			isa = PBXGroup;
			children = (
				1BFD317D27145EB900901BCB /* DataObjects */,
				1BFD3143270304B600901BCB /* Domain */,
			);
			path = Model;
			sourceTree = "<group>";
		};
		1B21F4CE26E223E3008F0470 /* View */ = {
			isa = PBXGroup;
			children = (
				1BEB420826EF94D9002B1574 /* Character */,
				1BFD31BD2729692300901BCB /* Favorite */,
				1BFD31742711D46700901BCB /* Statistics */,
				1BFD31732711D46400901BCB /* Location */,
				1BFD31722711D46100901BCB /* Episodes */,
				1BFD316B270F790200901BCB /* TabBarControllers */,
				1BEB420A26F36433002B1574 /* LoginViewController */,
				1BEB420926F363B0002B1574 /* PreviewControllers */,
			);
			path = View;
			sourceTree = "<group>";
		};
		1B21F4CF26E223E5008F0470 /* UI */ = {
			isa = PBXGroup;
			children = (
				1B21F4C326E0D8E8008F0470 /* LaunchScreen.storyboard */,
				1B21F4BB26E0D8E5008F0470 /* Main.storyboard */,
			);
			path = UI;
			sourceTree = "<group>";
		};
		1BB0642F272C433500348E44 /* Statistics */ = {
			isa = PBXGroup;
			children = (
				1BFD319D271EB4F300901BCB /* StatisticsViewController.swift */,
			);
			path = Statistics;
			sourceTree = "<group>";
		};
		1BB06430272C434400348E44 /* Map */ = {
			isa = PBXGroup;
			children = (
				1BFD31B92728225500901BCB /* GoogleMapViewController.swift */,
			);
			path = Map;
			sourceTree = "<group>";
		};
		1BB0643327300FE800348E44 /* Cells */ = {
			isa = PBXGroup;
			children = (
				1BB064342730101500348E44 /* CharactersFavoriteCell.swift */,
			);
			path = Cells;
			sourceTree = "<group>";
		};
		1BEB420826EF94D9002B1574 /* Character */ = {
			isa = PBXGroup;
			children = (
				1BFD3192271C43A900901BCB /* CharactersUI.storyboard */,
				1BFD31A82726FCA200901BCB /* CharactersTableView */,
				1BFD318B271992F800901BCB /* CharacterCard */,
			);
			path = Character;
			sourceTree = "<group>";
		};
		1BEB420926F363B0002B1574 /* PreviewControllers */ = {
			isa = PBXGroup;
			children = (
				1BEB420226E8A7F2002B1574 /* LabelViewController.swift */,
				1BEB420026E806E9002B1574 /* PageViewController.swift */,
				1BF7B6BB26E66E68006E610D /* PreviewViewController.swift */,
			);
			path = PreviewControllers;
			sourceTree = "<group>";
		};
		1BEB420A26F36433002B1574 /* LoginViewController */ = {
			isa = PBXGroup;
			children = (
				1B21F4D626E27480008F0470 /* LoginViewController.swift */,
			);
			path = LoginViewController;
			sourceTree = "<group>";
		};
		1BEB421126F8CD4E002B1574 /* CharactersTableViewCells */ = {
			isa = PBXGroup;
			children = (
				1BFD317B2711DEF000901BCB /* CharacterTableViewCell.swift */,
			);
			path = CharactersTableViewCells;
			sourceTree = "<group>";
		};
		1BFD3143270304B600901BCB /* Domain */ = {
			isa = PBXGroup;
			children = (
				1BFD31442703051400901BCB /* InfoDTO.swift */,
				1BFD3167270B2CC000901BCB /* EpisodesDTO */,
				1BFD3166270B2CA200901BCB /* CharacterDTO */,
				1BFD3165270B2C9500901BCB /* LocationDTO */,
			);
			path = Domain;
			sourceTree = "<group>";
		};
		1BFD31502703078D00901BCB /* CharacterResultDTO */ = {
			isa = PBXGroup;
			children = (
				1BFD314A2703064900901BCB /* OriginDTO.swift */,
				1BFD31482703057800901BCB /* LocationArrayDTO.swift */,
			);
			path = CharacterResultDTO;
			sourceTree = "<group>";
		};
		1BFD3165270B2C9500901BCB /* LocationDTO */ = {
			isa = PBXGroup;
			children = (
				1BFD315D270B276200901BCB /* LocationDTO.swift */,
				1BFD315F270B27CB00901BCB /* LocationResultDTO.swift */,
			);
			path = LocationDTO;
			sourceTree = "<group>";
		};
		1BFD3166270B2CA200901BCB /* CharacterDTO */ = {
			isa = PBXGroup;
			children = (
				1BFD314E2703075200901BCB /* CharacterDTO.swift */,
				1BFD31462703052F00901BCB /* CharacterResultDTO.swift */,
				1BFD31502703078D00901BCB /* CharacterResultDTO */,
			);
			path = CharacterDTO;
			sourceTree = "<group>";
		};
		1BFD3167270B2CC000901BCB /* EpisodesDTO */ = {
			isa = PBXGroup;
			children = (
				1BFD3161270B28D000901BCB /* EpisodesDTO.swift */,
				1BFD3163270B28FE00901BCB /* EpisodesResultDTO.swift */,
			);
			path = EpisodesDTO;
			sourceTree = "<group>";
		};
		1BFD316B270F790200901BCB /* TabBarControllers */ = {
			isa = PBXGroup;
			children = (
				1BFD3199271C455000901BCB /* TabBarUI.storyboard */,
				1BFD316C270F792100901BCB /* TabBarViewController.swift */,
				1BFD316E270F793C00901BCB /* CustomTabBar.swift */,
			);
			path = TabBarControllers;
			sourceTree = "<group>";
		};
		1BFD31722711D46100901BCB /* Episodes */ = {
			isa = PBXGroup;
			children = (
				1BFD3197271C44B800901BCB /* EpisodesUI.storyboard */,
				1BFD31CE2729736100901BCB /* EpisodesTableView */,
				1BFD31C62729724E00901BCB /* EpisodesCard */,
			);
			path = Episodes;
			sourceTree = "<group>";
		};
		1BFD31732711D46400901BCB /* Location */ = {
			isa = PBXGroup;
			children = (
				1BFD3194271C442700901BCB /* LocationUI.storyboard */,
				1BFD31CF2729738400901BCB /* LocationTableView */,
				1BFD31BE27296D2800901BCB /* LocationCard */,
			);
			path = Location;
			sourceTree = "<group>";
		};
		1BFD31742711D46700901BCB /* Statistics */ = {
			isa = PBXGroup;
			children = (
				1BB06430272C434400348E44 /* Map */,
				1BB0642F272C433500348E44 /* Statistics */,
				1BFD319F271EB52B00901BCB /* StatisticsUI.storyboard */,
				1BFD31B7272820D100901BCB /* ContainerViewController.swift */,
			);
			path = Statistics;
			sourceTree = "<group>";
		};
		1BFD317D27145EB900901BCB /* DataObjects */ = {
			isa = PBXGroup;
			children = (
				1BFD318A271704AD00901BCB /* RequestServiceGroup */,
				1BFD31872717043600901BCB /* UserCacheDataGroup */,
			);
			path = DataObjects;
			sourceTree = "<group>";
		};
		1BFD317E27158FBC00901BCB /* Cells */ = {
			isa = PBXGroup;
			children = (
				1BFD317F27158FE200901BCB /* EpisodesTableViewCell.swift */,
			);
			path = Cells;
			sourceTree = "<group>";
		};
		1BFD31812715A2AA00901BCB /* Cells */ = {
			isa = PBXGroup;
			children = (
				1BFD31822715A2BF00901BCB /* LocationTableViewCell.swift */,
			);
			path = Cells;
			sourceTree = "<group>";
		};
		1BFD31872717043600901BCB /* UserCacheDataGroup */ = {
			isa = PBXGroup;
			children = (
				1BFD31552705F7BB00901BCB /* UserCacheData.swift */,
				1BFD31D5272AE25D00901BCB /* +UserCacheData.swift */,
				1BFD31882717045500901BCB /* UserCacheDataProtocols.swift */,
			);
			path = UserCacheDataGroup;
			sourceTree = "<group>";
		};
		1BFD318A271704AD00901BCB /* RequestServiceGroup */ = {
			isa = PBXGroup;
			children = (
				1BFD3151270307D000901BCB /* RequestServiceAPI.swift */,
				1BEB420D26F8A5BD002B1574 /* RequestServiceProtocols.swift */,
			);
			path = RequestServiceGroup;
			sourceTree = "<group>";
		};
		1BFD318B271992F800901BCB /* CharacterCard */ = {
			isa = PBXGroup;
			children = (
				1BFD31A127218F9400901BCB /* CharacterCardCells */,
				1BFD318E2719945700901BCB /* CharacterCardTVC.swift */,
			);
			path = CharacterCard;
			sourceTree = "<group>";
		};
		1BFD31A127218F9400901BCB /* CharacterCardCells */ = {
			isa = PBXGroup;
			children = (
				1BFD31D0272973AE00901BCB /* CellUI */,
				1BFD31A227218FD400901BCB /* CharacterInfoCell.swift */,
				1BFD31A427218FEE00901BCB /* CharacterLocationCell.swift */,
				1BFD31A62721900700901BCB /* CharacterEpisodesCell.swift */,
				1BFD31B1272725B200901BCB /* SimilarCollectionViewCell.swift */,
			);
			path = CharacterCardCells;
			sourceTree = "<group>";
		};
		1BFD31A82726FCA200901BCB /* CharactersTableView */ = {
			isa = PBXGroup;
			children = (
				1BEB421126F8CD4E002B1574 /* CharactersTableViewCells */,
				1BF7B6B926E66361006E610D /* CharactersTableView.swift */,
			);
			path = CharactersTableView;
			sourceTree = "<group>";
		};
		1BFD31BD2729692300901BCB /* Favorite */ = {
			isa = PBXGroup;
			children = (
				1BB0643327300FE800348E44 /* Cells */,
				1BFD31D12729741F00901BCB /* FavoriteTVC.swift */,
				1BFD31D32729742C00901BCB /* FavoriteUI.storyboard */,
			);
			path = Favorite;
			sourceTree = "<group>";
		};
		1BFD31BE27296D2800901BCB /* LocationCard */ = {
			isa = PBXGroup;
			children = (
				1BFD31C127296D8400901BCB /* Cells */,
				1BFD31BF27296D6500901BCB /* LocationCardTVC.swift */,
			);
			path = LocationCard;
			sourceTree = "<group>";
		};
		1BFD31C127296D8400901BCB /* Cells */ = {
			isa = PBXGroup;
			children = (
				1BFD31C227296DF500901BCB /* LocationInfoCell.swift */,
				1BFD31C427296E4C00901BCB /* LocationCharacterCell.swift */,
			);
			path = Cells;
			sourceTree = "<group>";
		};
		1BFD31C62729724E00901BCB /* EpisodesCard */ = {
			isa = PBXGroup;
			children = (
				1BFD31C72729726100901BCB /* Cells */,
				1BFD31C82729728800901BCB /* EpisodesCardTVC.swift */,
			);
			path = EpisodesCard;
			sourceTree = "<group>";
		};
		1BFD31C72729726100901BCB /* Cells */ = {
			isa = PBXGroup;
			children = (
				1BFD31CA272972AE00901BCB /* EpisodesInfoCell.swift */,
				1BFD31CC272972DA00901BCB /* EpisodesCharactersCell.swift */,
			);
			path = Cells;
			sourceTree = "<group>";
		};
		1BFD31CE2729736100901BCB /* EpisodesTableView */ = {
			isa = PBXGroup;
			children = (
				1BFD317E27158FBC00901BCB /* Cells */,
				1BFD31792711D4DF00901BCB /* EpisodesTableView.swift */,
			);
			path = EpisodesTableView;
			sourceTree = "<group>";
		};
		1BFD31CF2729738400901BCB /* LocationTableView */ = {
			isa = PBXGroup;
			children = (
				1BFD31812715A2AA00901BCB /* Cells */,
				1BFD31772711D4C300901BCB /* LocationTableViewController.swift */,
			);
			path = LocationTableView;
			sourceTree = "<group>";
		};
		1BFD31D0272973AE00901BCB /* CellUI */ = {
			isa = PBXGroup;
			children = (
				1BFD31B2272725B200901BCB /* SimilarCollectionViewCell.xib */,
			);
			path = CellUI;
			sourceTree = "<group>";
		};
		393B61C807F1E153C4BFF656 /* Pods */ = {
			isa = PBXGroup;
			children = (
				44FDD57C9690AC29581A8B17 /* Pods-RickAndMorty.debug.xcconfig */,
				3BCD332416152DBE4E9CA4F9 /* Pods-RickAndMorty.release.xcconfig */,
			);
			path = Pods;
			sourceTree = "<group>";
		};
		97506458005B99A7ED644E52 /* Frameworks */ = {
			isa = PBXGroup;
			children = (
				E7E63B0C1BE14E4B9E1DC808 /* Pods_RickAndMorty.framework */,
			);
			name = Frameworks;
			sourceTree = "<group>";
		};
/* End PBXGroup section */

/* Begin PBXNativeTarget section */
		1B21F4B126E0D8E5008F0470 /* RickAndMorty */ = {
			isa = PBXNativeTarget;
			buildConfigurationList = 1B21F4C926E0D8E8008F0470 /* Build configuration list for PBXNativeTarget "RickAndMorty" */;
			buildPhases = (
				2467F884336A483D2E4A5C29 /* [CP] Check Pods Manifest.lock */,
				1B21F4AE26E0D8E5008F0470 /* Sources */,
				1B21F4CC26E0D99A008F0470 /* SwiftLint */,
				1B21F4AF26E0D8E5008F0470 /* Frameworks */,
				1B21F4B026E0D8E5008F0470 /* Resources */,
				A6E9E0CF27F01445DBD95D02 /* [CP] Embed Pods Frameworks */,
				B672562F70596D8C763662B6 /* [CP] Copy Pods Resources */,
			);
			buildRules = (
			);
			dependencies = (
			);
			name = RickAndMorty;
			productName = RickAndMorty;
			productReference = 1B21F4B226E0D8E5008F0470 /* RickAndMorty.app */;
			productType = "com.apple.product-type.application";
		};
/* End PBXNativeTarget section */

/* Begin PBXProject section */
		1B21F4AA26E0D8E5008F0470 /* Project object */ = {
			isa = PBXProject;
			attributes = {
				LastSwiftUpdateCheck = 1250;
				LastUpgradeCheck = 1250;
				TargetAttributes = {
					1B21F4B126E0D8E5008F0470 = {
						CreatedOnToolsVersion = 12.5.1;
					};
				};
			};
			buildConfigurationList = 1B21F4AD26E0D8E5008F0470 /* Build configuration list for PBXProject "RickAndMorty" */;
			compatibilityVersion = "Xcode 9.3";
			developmentRegion = en;
			hasScannedForEncodings = 0;
			knownRegions = (
				en,
				Base,
			);
			mainGroup = 1B21F4A926E0D8E5008F0470;
			productRefGroup = 1B21F4B326E0D8E5008F0470 /* Products */;
			projectDirPath = "";
			projectRoot = "";
			targets = (
				1B21F4B126E0D8E5008F0470 /* RickAndMorty */,
			);
		};
/* End PBXProject section */

/* Begin PBXResourcesBuildPhase section */
		1B21F4B026E0D8E5008F0470 /* Resources */ = {
			isa = PBXResourcesBuildPhase;
			buildActionMask = 2147483647;
			files = (
				1B21F4C526E0D8E8008F0470 /* LaunchScreen.storyboard in Resources */,
				1B21F4C226E0D8E8008F0470 /* Assets.xcassets in Resources */,
				1BFD3198271C44B800901BCB /* EpisodesUI.storyboard in Resources */,
				1BFD319A271C455000901BCB /* TabBarUI.storyboard in Resources */,
				1BFD3193271C43A900901BCB /* CharactersUI.storyboard in Resources */,
				1B21F4BD26E0D8E5008F0470 /* Main.storyboard in Resources */,
				1BFD3195271C442700901BCB /* LocationUI.storyboard in Resources */,
				1BFD31A0271EB52B00901BCB /* StatisticsUI.storyboard in Resources */,
				1BFD31B4272725B200901BCB /* SimilarCollectionViewCell.xib in Resources */,
				1BFD31D42729742C00901BCB /* FavoriteUI.storyboard in Resources */,
			);
			runOnlyForDeploymentPostprocessing = 0;
		};
/* End PBXResourcesBuildPhase section */

/* Begin PBXShellScriptBuildPhase section */
		1B21F4CC26E0D99A008F0470 /* SwiftLint */ = {
			isa = PBXShellScriptBuildPhase;
			buildActionMask = 2147483647;
			files = (
			);
			inputFileListPaths = (
			);
			inputPaths = (
			);
			name = SwiftLint;
			outputFileListPaths = (
			);
			outputPaths = (
			);
			runOnlyForDeploymentPostprocessing = 0;
			shellPath = /bin/sh;
			shellScript = "${PODS_ROOT}/SwiftLint/swiftlint\n";
		};
		2467F884336A483D2E4A5C29 /* [CP] Check Pods Manifest.lock */ = {
			isa = PBXShellScriptBuildPhase;
			buildActionMask = 2147483647;
			files = (
			);
			inputFileListPaths = (
			);
			inputPaths = (
				"${PODS_PODFILE_DIR_PATH}/Podfile.lock",
				"${PODS_ROOT}/Manifest.lock",
			);
			name = "[CP] Check Pods Manifest.lock";
			outputFileListPaths = (
			);
			outputPaths = (
				"$(DERIVED_FILE_DIR)/Pods-RickAndMorty-checkManifestLockResult.txt",
			);
			runOnlyForDeploymentPostprocessing = 0;
			shellPath = /bin/sh;
			shellScript = "diff \"${PODS_PODFILE_DIR_PATH}/Podfile.lock\" \"${PODS_ROOT}/Manifest.lock\" > /dev/null\nif [ $? != 0 ] ; then\n    # print error to STDERR\n    echo \"error: The sandbox is not in sync with the Podfile.lock. Run 'pod install' or update your CocoaPods installation.\" >&2\n    exit 1\nfi\n# This output is used by Xcode 'outputs' to avoid re-running this script phase.\necho \"SUCCESS\" > \"${SCRIPT_OUTPUT_FILE_0}\"\n";
			showEnvVarsInLog = 0;
		};
		A6E9E0CF27F01445DBD95D02 /* [CP] Embed Pods Frameworks */ = {
			isa = PBXShellScriptBuildPhase;
			buildActionMask = 2147483647;
			files = (
			);
			inputFileListPaths = (
				"${PODS_ROOT}/Target Support Files/Pods-RickAndMorty/Pods-RickAndMorty-frameworks-${CONFIGURATION}-input-files.xcfilelist",
			);
			name = "[CP] Embed Pods Frameworks";
			outputFileListPaths = (
				"${PODS_ROOT}/Target Support Files/Pods-RickAndMorty/Pods-RickAndMorty-frameworks-${CONFIGURATION}-output-files.xcfilelist",
			);
			runOnlyForDeploymentPostprocessing = 0;
			shellPath = /bin/sh;
			shellScript = "\"${PODS_ROOT}/Target Support Files/Pods-RickAndMorty/Pods-RickAndMorty-frameworks.sh\"\n";
			showEnvVarsInLog = 0;
		};
		B672562F70596D8C763662B6 /* [CP] Copy Pods Resources */ = {
			isa = PBXShellScriptBuildPhase;
			buildActionMask = 2147483647;
			files = (
			);
			inputFileListPaths = (
				"${PODS_ROOT}/Target Support Files/Pods-RickAndMorty/Pods-RickAndMorty-resources-${CONFIGURATION}-input-files.xcfilelist",
			);
			name = "[CP] Copy Pods Resources";
			outputFileListPaths = (
				"${PODS_ROOT}/Target Support Files/Pods-RickAndMorty/Pods-RickAndMorty-resources-${CONFIGURATION}-output-files.xcfilelist",
			);
			runOnlyForDeploymentPostprocessing = 0;
			shellPath = /bin/sh;
			shellScript = "\"${PODS_ROOT}/Target Support Files/Pods-RickAndMorty/Pods-RickAndMorty-resources.sh\"\n";
			showEnvVarsInLog = 0;
		};
/* End PBXShellScriptBuildPhase section */

/* Begin PBXSourcesBuildPhase section */
		1B21F4AE26E0D8E5008F0470 /* Sources */ = {
			isa = PBXSourcesBuildPhase;
			buildActionMask = 2147483647;
			files = (
				1BFD31BC272877BC00901BCB /* UserDefaultKeys.swift in Sources */,
				1B21F4D526E2279B008F0470 /* KeyChainAccount.swift in Sources */,
				1BEB420326E8A7F2002B1574 /* LabelViewController.swift in Sources */,
				1BFD31A527218FEE00901BCB /* CharacterLocationCell.swift in Sources */,
				1BFD316A270B318400901BCB /* RickAndMorty.xcdatamodeld in Sources */,
				1BB064352730101500348E44 /* CharactersFavoriteCell.swift in Sources */,
				1BEB420E26F8A5BD002B1574 /* RequestServiceProtocols.swift in Sources */,
				1BFD31C027296D6500901BCB /* LocationCardTVC.swift in Sources */,
				1BFD3152270307D000901BCB /* RequestServiceAPI.swift in Sources */,
				1BFD31832715A2BF00901BCB /* LocationTableViewCell.swift in Sources */,
				1BF7B6BC26E66E68006E610D /* PreviewViewController.swift in Sources */,
				1BFD31CB272972AE00901BCB /* EpisodesInfoCell.swift in Sources */,
				1BFD31BA2728225600901BCB /* GoogleMapViewController.swift in Sources */,
				1BFD31C92729728800901BCB /* EpisodesCardTVC.swift in Sources */,
				1BFD31472703052F00901BCB /* CharacterResultDTO.swift in Sources */,
				1BFD31892717045500901BCB /* UserCacheDataProtocols.swift in Sources */,
				1BFD31562705F7BB00901BCB /* UserCacheData.swift in Sources */,
				1B21F4D726E27480008F0470 /* LoginViewController.swift in Sources */,
				1BFD31B8272820D100901BCB /* ContainerViewController.swift in Sources */,
				1BF7B6BA26E66361006E610D /* CharactersTableView.swift in Sources */,
				1BFD31782711D4C300901BCB /* LocationTableViewController.swift in Sources */,
				1BFD314F2703075200901BCB /* CharacterDTO.swift in Sources */,
				1B21F4B626E0D8E5008F0470 /* AppDelegate.swift in Sources */,
				1BFD318027158FE200901BCB /* EpisodesTableViewCell.swift in Sources */,
				1BFD31D6272AE25E00901BCB /* +UserCacheData.swift in Sources */,
				1BFD315E270B276200901BCB /* LocationDTO.swift in Sources */,
				1BFD317C2711DEF000901BCB /* CharacterTableViewCell.swift in Sources */,
				1BFD314B2703064900901BCB /* OriginDTO.swift in Sources */,
				1BFD31492703057800901BCB /* LocationArrayDTO.swift in Sources */,
				1BFD316D270F792100901BCB /* TabBarViewController.swift in Sources */,
				1B21F4B826E0D8E5008F0470 /* SceneDelegate.swift in Sources */,
				1BFD318F2719945700901BCB /* CharacterCardTVC.swift in Sources */,
				1BFD31CD272972DA00901BCB /* EpisodesCharactersCell.swift in Sources */,
				1BFD31B3272725B200901BCB /* SimilarCollectionViewCell.swift in Sources */,
				1BFD31C327296DF500901BCB /* LocationInfoCell.swift in Sources */,
				1BFD3160270B27CB00901BCB /* LocationResultDTO.swift in Sources */,
				1BEB420126E806E9002B1574 /* PageViewController.swift in Sources */,
				1BFD3164270B28FE00901BCB /* EpisodesResultDTO.swift in Sources */,
				1BFD31D22729742000901BCB /* FavoriteTVC.swift in Sources */,
				1BFD31A327218FD500901BCB /* CharacterInfoCell.swift in Sources */,
				1BFD319E271EB4F300901BCB /* StatisticsViewController.swift in Sources */,
				1BFD31C527296E4C00901BCB /* LocationCharacterCell.swift in Sources */,
				1BFD316F270F793C00901BCB /* CustomTabBar.swift in Sources */,
				1BFD31A72721900700901BCB /* CharacterEpisodesCell.swift in Sources */,
				1BFD3162270B28D000901BCB /* EpisodesDTO.swift in Sources */,
				1BFD317A2711D4DF00901BCB /* EpisodesTableView.swift in Sources */,
				1BFD31452703051400901BCB /* InfoDTO.swift in Sources */,
			);
			runOnlyForDeploymentPostprocessing = 0;
		};
/* End PBXSourcesBuildPhase section */

/* Begin PBXVariantGroup section */
		1B21F4BB26E0D8E5008F0470 /* Main.storyboard */ = {
			isa = PBXVariantGroup;
			children = (
				1B21F4BC26E0D8E5008F0470 /* Base */,
			);
			name = Main.storyboard;
			sourceTree = "<group>";
		};
		1B21F4C326E0D8E8008F0470 /* LaunchScreen.storyboard */ = {
			isa = PBXVariantGroup;
			children = (
				1B21F4C426E0D8E8008F0470 /* Base */,
			);
			name = LaunchScreen.storyboard;
			sourceTree = "<group>";
		};
/* End PBXVariantGroup section */

/* Begin XCBuildConfiguration section */
		1B21F4C726E0D8E8008F0470 /* Debug */ = {
			isa = XCBuildConfiguration;
			buildSettings = {
				ALWAYS_SEARCH_USER_PATHS = NO;
				CLANG_ANALYZER_NONNULL = YES;
				CLANG_ANALYZER_NUMBER_OBJECT_CONVERSION = YES_AGGRESSIVE;
				CLANG_CXX_LANGUAGE_STANDARD = "gnu++14";
				CLANG_CXX_LIBRARY = "libc++";
				CLANG_ENABLE_MODULES = YES;
				CLANG_ENABLE_OBJC_ARC = YES;
				CLANG_ENABLE_OBJC_WEAK = YES;
				CLANG_WARN_BLOCK_CAPTURE_AUTORELEASING = YES;
				CLANG_WARN_BOOL_CONVERSION = YES;
				CLANG_WARN_COMMA = YES;
				CLANG_WARN_CONSTANT_CONVERSION = YES;
				CLANG_WARN_DEPRECATED_OBJC_IMPLEMENTATIONS = YES;
				CLANG_WARN_DIRECT_OBJC_ISA_USAGE = YES_ERROR;
				CLANG_WARN_DOCUMENTATION_COMMENTS = YES;
				CLANG_WARN_EMPTY_BODY = YES;
				CLANG_WARN_ENUM_CONVERSION = YES;
				CLANG_WARN_INFINITE_RECURSION = YES;
				CLANG_WARN_INT_CONVERSION = YES;
				CLANG_WARN_NON_LITERAL_NULL_CONVERSION = YES;
				CLANG_WARN_OBJC_IMPLICIT_RETAIN_SELF = YES;
				CLANG_WARN_OBJC_LITERAL_CONVERSION = YES;
				CLANG_WARN_OBJC_ROOT_CLASS = YES_ERROR;
				CLANG_WARN_QUOTED_INCLUDE_IN_FRAMEWORK_HEADER = YES;
				CLANG_WARN_RANGE_LOOP_ANALYSIS = YES;
				CLANG_WARN_STRICT_PROTOTYPES = YES;
				CLANG_WARN_SUSPICIOUS_MOVE = YES;
				CLANG_WARN_UNGUARDED_AVAILABILITY = YES_AGGRESSIVE;
				CLANG_WARN_UNREACHABLE_CODE = YES;
				CLANG_WARN__DUPLICATE_METHOD_MATCH = YES;
				COPY_PHASE_STRIP = NO;
				DEBUG_INFORMATION_FORMAT = dwarf;
				ENABLE_STRICT_OBJC_MSGSEND = YES;
				ENABLE_TESTABILITY = YES;
				GCC_C_LANGUAGE_STANDARD = gnu11;
				GCC_DYNAMIC_NO_PIC = NO;
				GCC_NO_COMMON_BLOCKS = YES;
				GCC_OPTIMIZATION_LEVEL = 0;
				GCC_PREPROCESSOR_DEFINITIONS = (
					"DEBUG=1",
					"$(inherited)",
				);
				GCC_WARN_64_TO_32_BIT_CONVERSION = YES;
				GCC_WARN_ABOUT_RETURN_TYPE = YES_ERROR;
				GCC_WARN_UNDECLARED_SELECTOR = YES;
				GCC_WARN_UNINITIALIZED_AUTOS = YES_AGGRESSIVE;
				GCC_WARN_UNUSED_FUNCTION = YES;
				GCC_WARN_UNUSED_VARIABLE = YES;
				IPHONEOS_DEPLOYMENT_TARGET = 14.5;
				MTL_ENABLE_DEBUG_INFO = INCLUDE_SOURCE;
				MTL_FAST_MATH = YES;
				ONLY_ACTIVE_ARCH = YES;
				SDKROOT = iphoneos;
				SWIFT_ACTIVE_COMPILATION_CONDITIONS = DEBUG;
				SWIFT_OPTIMIZATION_LEVEL = "-Onone";
			};
			name = Debug;
		};
		1B21F4C826E0D8E8008F0470 /* Release */ = {
			isa = XCBuildConfiguration;
			buildSettings = {
				ALWAYS_SEARCH_USER_PATHS = NO;
				CLANG_ANALYZER_NONNULL = YES;
				CLANG_ANALYZER_NUMBER_OBJECT_CONVERSION = YES_AGGRESSIVE;
				CLANG_CXX_LANGUAGE_STANDARD = "gnu++14";
				CLANG_CXX_LIBRARY = "libc++";
				CLANG_ENABLE_MODULES = YES;
				CLANG_ENABLE_OBJC_ARC = YES;
				CLANG_ENABLE_OBJC_WEAK = YES;
				CLANG_WARN_BLOCK_CAPTURE_AUTORELEASING = YES;
				CLANG_WARN_BOOL_CONVERSION = YES;
				CLANG_WARN_COMMA = YES;
				CLANG_WARN_CONSTANT_CONVERSION = YES;
				CLANG_WARN_DEPRECATED_OBJC_IMPLEMENTATIONS = YES;
				CLANG_WARN_DIRECT_OBJC_ISA_USAGE = YES_ERROR;
				CLANG_WARN_DOCUMENTATION_COMMENTS = YES;
				CLANG_WARN_EMPTY_BODY = YES;
				CLANG_WARN_ENUM_CONVERSION = YES;
				CLANG_WARN_INFINITE_RECURSION = YES;
				CLANG_WARN_INT_CONVERSION = YES;
				CLANG_WARN_NON_LITERAL_NULL_CONVERSION = YES;
				CLANG_WARN_OBJC_IMPLICIT_RETAIN_SELF = YES;
				CLANG_WARN_OBJC_LITERAL_CONVERSION = YES;
				CLANG_WARN_OBJC_ROOT_CLASS = YES_ERROR;
				CLANG_WARN_QUOTED_INCLUDE_IN_FRAMEWORK_HEADER = YES;
				CLANG_WARN_RANGE_LOOP_ANALYSIS = YES;
				CLANG_WARN_STRICT_PROTOTYPES = YES;
				CLANG_WARN_SUSPICIOUS_MOVE = YES;
				CLANG_WARN_UNGUARDED_AVAILABILITY = YES_AGGRESSIVE;
				CLANG_WARN_UNREACHABLE_CODE = YES;
				CLANG_WARN__DUPLICATE_METHOD_MATCH = YES;
				COPY_PHASE_STRIP = NO;
				DEBUG_INFORMATION_FORMAT = "dwarf-with-dsym";
				ENABLE_NS_ASSERTIONS = NO;
				ENABLE_STRICT_OBJC_MSGSEND = YES;
				GCC_C_LANGUAGE_STANDARD = gnu11;
				GCC_NO_COMMON_BLOCKS = YES;
				GCC_WARN_64_TO_32_BIT_CONVERSION = YES;
				GCC_WARN_ABOUT_RETURN_TYPE = YES_ERROR;
				GCC_WARN_UNDECLARED_SELECTOR = YES;
				GCC_WARN_UNINITIALIZED_AUTOS = YES_AGGRESSIVE;
				GCC_WARN_UNUSED_FUNCTION = YES;
				GCC_WARN_UNUSED_VARIABLE = YES;
				IPHONEOS_DEPLOYMENT_TARGET = 14.5;
				MTL_ENABLE_DEBUG_INFO = NO;
				MTL_FAST_MATH = YES;
				SDKROOT = iphoneos;
				SWIFT_COMPILATION_MODE = wholemodule;
				SWIFT_OPTIMIZATION_LEVEL = "-O";
				VALIDATE_PRODUCT = YES;
			};
			name = Release;
		};
		1B21F4CA26E0D8E8008F0470 /* Debug */ = {
			isa = XCBuildConfiguration;
			baseConfigurationReference = 44FDD57C9690AC29581A8B17 /* Pods-RickAndMorty.debug.xcconfig */;
			buildSettings = {
				ASSETCATALOG_COMPILER_APPICON_NAME = AppIcon;
				ASSETCATALOG_COMPILER_GLOBAL_ACCENT_COLOR_NAME = AccentColor;
				CODE_SIGN_STYLE = Automatic;
				DEVELOPMENT_TEAM = 638JMZXLWD;
				INFOPLIST_FILE = RickAndMorty/Info.plist;
				LD_RUNPATH_SEARCH_PATHS = (
					"$(inherited)",
					"@executable_path/Frameworks",
				);
				PRODUCT_BUNDLE_IDENTIFIER = htc.RickAndMorty;
				PRODUCT_NAME = "$(TARGET_NAME)";
				SWIFT_VERSION = 5.0;
				TARGETED_DEVICE_FAMILY = 1;
			};
			name = Debug;
		};
		1B21F4CB26E0D8E8008F0470 /* Release */ = {
			isa = XCBuildConfiguration;
			baseConfigurationReference = 3BCD332416152DBE4E9CA4F9 /* Pods-RickAndMorty.release.xcconfig */;
			buildSettings = {
				ASSETCATALOG_COMPILER_APPICON_NAME = AppIcon;
				ASSETCATALOG_COMPILER_GLOBAL_ACCENT_COLOR_NAME = AccentColor;
				CODE_SIGN_STYLE = Automatic;
				DEVELOPMENT_TEAM = 638JMZXLWD;
				INFOPLIST_FILE = RickAndMorty/Info.plist;
				LD_RUNPATH_SEARCH_PATHS = (
					"$(inherited)",
					"@executable_path/Frameworks",
				);
				PRODUCT_BUNDLE_IDENTIFIER = htc.RickAndMorty;
				PRODUCT_NAME = "$(TARGET_NAME)";
				SWIFT_VERSION = 5.0;
				TARGETED_DEVICE_FAMILY = 1;
			};
			name = Release;
		};
/* End XCBuildConfiguration section */

/* Begin XCConfigurationList section */
		1B21F4AD26E0D8E5008F0470 /* Build configuration list for PBXProject "RickAndMorty" */ = {
			isa = XCConfigurationList;
			buildConfigurations = (
				1B21F4C726E0D8E8008F0470 /* Debug */,
				1B21F4C826E0D8E8008F0470 /* Release */,
			);
			defaultConfigurationIsVisible = 0;
			defaultConfigurationName = Release;
		};
		1B21F4C926E0D8E8008F0470 /* Build configuration list for PBXNativeTarget "RickAndMorty" */ = {
			isa = XCConfigurationList;
			buildConfigurations = (
				1B21F4CA26E0D8E8008F0470 /* Debug */,
				1B21F4CB26E0D8E8008F0470 /* Release */,
			);
			defaultConfigurationIsVisible = 0;
			defaultConfigurationName = Release;
		};
/* End XCConfigurationList section */

/* Begin XCVersionGroup section */
		1BFD3168270B318400901BCB /* RickAndMorty.xcdatamodeld */ = {
			isa = XCVersionGroup;
			children = (
				1BFD3169270B318400901BCB /* RickAndMorty.xcdatamodel */,
			);
			currentVersion = 1BFD3169270B318400901BCB /* RickAndMorty.xcdatamodel */;
			path = RickAndMorty.xcdatamodeld;
			sourceTree = "<group>";
			versionGroupType = wrapper.xcdatamodel;
		};
/* End XCVersionGroup section */
	};
	rootObject = 1B21F4AA26E0D8E5008F0470 /* Project object */;
}
